// !$*UTF8*$!
{
	archiveVersion = 1;
	classes = {
	};
	objectVersion = 56;
	objects = {

/* Begin PBXBuildFile section */
		A77053812C92443400A3EA7F /* SoundManager.swift in Sources */ = {isa = PBXBuildFile; fileRef = A77053802C92443400A3EA7F /* SoundManager.swift */; };
		A77053852C924E7900A3EA7F /* Stopwatch.swift in Sources */ = {isa = PBXBuildFile; fileRef = A77053842C924E7900A3EA7F /* Stopwatch.swift */; };
		A77053872C9287EC00A3EA7F /* TimerSetUpView.swift in Sources */ = {isa = PBXBuildFile; fileRef = A77053862C9287EC00A3EA7F /* TimerSetUpView.swift */; };
		A77053892C9291B700A3EA7F /* NumbersOnlyViewModifier.swift in Sources */ = {isa = PBXBuildFile; fileRef = A77053882C9291B700A3EA7F /* NumbersOnlyViewModifier.swift */; };
		A78D604F2C86DA54009DC239 /* WorkoutApp.swift in Sources */ = {isa = PBXBuildFile; fileRef = A78D604E2C86DA54009DC239 /* WorkoutApp.swift */; };
		A78D60512C86DA54009DC239 /* ContentView.swift in Sources */ = {isa = PBXBuildFile; fileRef = A78D60502C86DA54009DC239 /* ContentView.swift */; };
		A78D60532C86DA56009DC239 /* Assets.xcassets in Resources */ = {isa = PBXBuildFile; fileRef = A78D60522C86DA56009DC239 /* Assets.xcassets */; };
		A78D60562C86DA56009DC239 /* Preview Assets.xcassets in Resources */ = {isa = PBXBuildFile; fileRef = A78D60552C86DA56009DC239 /* Preview Assets.xcassets */; };
		A78D605F2C86DABA009DC239 /* TimerModel.swift in Sources */ = {isa = PBXBuildFile; fileRef = A78D605E2C86DABA009DC239 /* TimerModel.swift */; };
		A78D60612C86DBD4009DC239 /* TimerView.swift in Sources */ = {isa = PBXBuildFile; fileRef = A78D60602C86DBD4009DC239 /* TimerView.swift */; };
		A79381172C9CB86D00B7541A /* ProgressBarView.swift in Sources */ = {isa = PBXBuildFile; fileRef = A79381162C9CB86D00B7541A /* ProgressBarView.swift */; };
		A79776912C956046009DB4FA /* prepare_beeps_pan.mp3 in Resources */ = {isa = PBXBuildFile; fileRef = A79776902C956046009DB4FA /* prepare_beeps_pan.mp3 */; };
		A79776932C956076009DB4FA /* prepare_beeps_mono.mp3 in Resources */ = {isa = PBXBuildFile; fileRef = A79776922C956076009DB4FA /* prepare_beeps_mono.mp3 */; };
		A79776952C956139009DB4FA /* prepare_beeps_pan_trim.mp3 in Resources */ = {isa = PBXBuildFile; fileRef = A79776942C956138009DB4FA /* prepare_beeps_pan_trim.mp3 */; };
		A79776972C9564DD009DB4FA /* blip_normal.mp3 in Resources */ = {isa = PBXBuildFile; fileRef = A79776962C9564DC009DB4FA /* blip_normal.mp3 */; };
		A797769C2C95698C009DB4FA /* round_incoming_normal.mp3 in Resources */ = {isa = PBXBuildFile; fileRef = A797769A2C95698C009DB4FA /* round_incoming_normal.mp3 */; };
		A797769D2C95698C009DB4FA /* round_incoming_loud.mp3 in Resources */ = {isa = PBXBuildFile; fileRef = A797769B2C95698C009DB4FA /* round_incoming_loud.mp3 */; };
		A79776A02C95699F009DB4FA /* archive_normal.mp3 in Resources */ = {isa = PBXBuildFile; fileRef = A797769E2C95699F009DB4FA /* archive_normal.mp3 */; };
		A79776A12C95699F009DB4FA /* archive_loud.mp3 in Resources */ = {isa = PBXBuildFile; fileRef = A797769F2C95699F009DB4FA /* archive_loud.mp3 */; };
		A79776A32C9569C0009DB4FA /* blip_loud.mp3 in Resources */ = {isa = PBXBuildFile; fileRef = A79776A22C9569C0009DB4FA /* blip_loud.mp3 */; };
		A7A76E3B2C9797A5007FC830 /* xylophone_normal.mp3 in Resources */ = {isa = PBXBuildFile; fileRef = A7A76E392C9797A4007FC830 /* xylophone_normal.mp3 */; };
		A7A76E3C2C9797A5007FC830 /* xylophone_loud.mp3 in Resources */ = {isa = PBXBuildFile; fileRef = A7A76E3A2C9797A4007FC830 /* xylophone_loud.mp3 */; };
		A7B13BAC2C87EC8600CF52A6 /* TimePickerView.swift in Sources */ = {isa = PBXBuildFile; fileRef = A7B13BAB2C87EC8600CF52A6 /* TimePickerView.swift */; };
/* End PBXBuildFile section */

/* Begin PBXFileReference section */
		A77053802C92443400A3EA7F /* SoundManager.swift */ = {isa = PBXFileReference; lastKnownFileType = sourcecode.swift; path = SoundManager.swift; sourceTree = "<group>"; };
		A77053842C924E7900A3EA7F /* Stopwatch.swift */ = {isa = PBXFileReference; lastKnownFileType = sourcecode.swift; path = Stopwatch.swift; sourceTree = "<group>"; };
		A77053862C9287EC00A3EA7F /* TimerSetUpView.swift */ = {isa = PBXFileReference; lastKnownFileType = sourcecode.swift; path = TimerSetUpView.swift; sourceTree = "<group>"; };
		A77053882C9291B700A3EA7F /* NumbersOnlyViewModifier.swift */ = {isa = PBXFileReference; lastKnownFileType = sourcecode.swift; path = NumbersOnlyViewModifier.swift; sourceTree = "<group>"; };
		A78D604B2C86DA54009DC239 /* WorkoutApp.app */ = {isa = PBXFileReference; explicitFileType = wrapper.application; includeInIndex = 0; path = WorkoutApp.app; sourceTree = BUILT_PRODUCTS_DIR; };
		A78D604E2C86DA54009DC239 /* WorkoutApp.swift */ = {isa = PBXFileReference; lastKnownFileType = sourcecode.swift; path = WorkoutApp.swift; sourceTree = "<group>"; };
		A78D60502C86DA54009DC239 /* ContentView.swift */ = {isa = PBXFileReference; lastKnownFileType = sourcecode.swift; path = ContentView.swift; sourceTree = "<group>"; };
		A78D60522C86DA56009DC239 /* Assets.xcassets */ = {isa = PBXFileReference; lastKnownFileType = folder.assetcatalog; path = Assets.xcassets; sourceTree = "<group>"; };
		A78D60552C86DA56009DC239 /* Preview Assets.xcassets */ = {isa = PBXFileReference; lastKnownFileType = folder.assetcatalog; path = "Preview Assets.xcassets"; sourceTree = "<group>"; };
		A78D605E2C86DABA009DC239 /* TimerModel.swift */ = {isa = PBXFileReference; lastKnownFileType = sourcecode.swift; path = TimerModel.swift; sourceTree = "<group>"; };
		A78D60602C86DBD4009DC239 /* TimerView.swift */ = {isa = PBXFileReference; lastKnownFileType = sourcecode.swift; path = TimerView.swift; sourceTree = "<group>"; };
		A79381162C9CB86D00B7541A /* ProgressBarView.swift */ = {isa = PBXFileReference; lastKnownFileType = sourcecode.swift; path = ProgressBarView.swift; sourceTree = "<group>"; };
		A79776902C956046009DB4FA /* prepare_beeps_pan.mp3 */ = {isa = PBXFileReference; lastKnownFileType = audio.mp3; path = prepare_beeps_pan.mp3; sourceTree = "<group>"; };
		A79776922C956076009DB4FA /* prepare_beeps_mono.mp3 */ = {isa = PBXFileReference; lastKnownFileType = audio.mp3; path = prepare_beeps_mono.mp3; sourceTree = "<group>"; };
		A79776942C956138009DB4FA /* prepare_beeps_pan_trim.mp3 */ = {isa = PBXFileReference; lastKnownFileType = audio.mp3; path = prepare_beeps_pan_trim.mp3; sourceTree = "<group>"; };
		A79776962C9564DC009DB4FA /* blip_normal.mp3 */ = {isa = PBXFileReference; lastKnownFileType = audio.mp3; path = blip_normal.mp3; sourceTree = "<group>"; };
		A797769A2C95698C009DB4FA /* round_incoming_normal.mp3 */ = {isa = PBXFileReference; lastKnownFileType = audio.mp3; path = round_incoming_normal.mp3; sourceTree = "<group>"; };
		A797769B2C95698C009DB4FA /* round_incoming_loud.mp3 */ = {isa = PBXFileReference; lastKnownFileType = audio.mp3; path = round_incoming_loud.mp3; sourceTree = "<group>"; };
		A797769E2C95699F009DB4FA /* archive_normal.mp3 */ = {isa = PBXFileReference; lastKnownFileType = audio.mp3; path = archive_normal.mp3; sourceTree = "<group>"; };
		A797769F2C95699F009DB4FA /* archive_loud.mp3 */ = {isa = PBXFileReference; lastKnownFileType = audio.mp3; path = archive_loud.mp3; sourceTree = "<group>"; };
		A79776A22C9569C0009DB4FA /* blip_loud.mp3 */ = {isa = PBXFileReference; lastKnownFileType = audio.mp3; path = blip_loud.mp3; sourceTree = "<group>"; };
		A7A76E392C9797A4007FC830 /* xylophone_normal.mp3 */ = {isa = PBXFileReference; lastKnownFileType = audio.mp3; path = xylophone_normal.mp3; sourceTree = "<group>"; };
		A7A76E3A2C9797A4007FC830 /* xylophone_loud.mp3 */ = {isa = PBXFileReference; lastKnownFileType = audio.mp3; path = xylophone_loud.mp3; sourceTree = "<group>"; };
		A7B13BAB2C87EC8600CF52A6 /* TimePickerView.swift */ = {isa = PBXFileReference; lastKnownFileType = sourcecode.swift; path = TimePickerView.swift; sourceTree = "<group>"; };
/* End PBXFileReference section */

/* Begin PBXFrameworksBuildPhase section */
		A78D60482C86DA54009DC239 /* Frameworks */ = {
			isa = PBXFrameworksBuildPhase;
			buildActionMask = 2147483647;
			files = (
			);
			runOnlyForDeploymentPostprocessing = 0;
		};
/* End PBXFrameworksBuildPhase section */

/* Begin PBXGroup section */
		A7488E3A2C939A2900FBE632 /* Sounds */ = {
			isa = PBXGroup;
			children = (
				A7A76E3A2C9797A4007FC830 /* xylophone_loud.mp3 */,
				A7A76E392C9797A4007FC830 /* xylophone_normal.mp3 */,
				A797769B2C95698C009DB4FA /* round_incoming_loud.mp3 */,
				A797769F2C95699F009DB4FA /* archive_loud.mp3 */,
				A797769E2C95699F009DB4FA /* archive_normal.mp3 */,
				A797769A2C95698C009DB4FA /* round_incoming_normal.mp3 */,
				A79776A22C9569C0009DB4FA /* blip_loud.mp3 */,
				A79776962C9564DC009DB4FA /* blip_normal.mp3 */,
				A79776922C956076009DB4FA /* prepare_beeps_mono.mp3 */,
				A79776942C956138009DB4FA /* prepare_beeps_pan_trim.mp3 */,
				A79776902C956046009DB4FA /* prepare_beeps_pan.mp3 */,
			);
			path = Sounds;
			sourceTree = "<group>";
		};
		A770537F2C9239E000A3EA7F /* Model */ = {
			isa = PBXGroup;
			children = (
				A77053802C92443400A3EA7F /* SoundManager.swift */,
				A77053882C9291B700A3EA7F /* NumbersOnlyViewModifier.swift */,
				A77053842C924E7900A3EA7F /* Stopwatch.swift */,
			);
			path = Model;
			sourceTree = "<group>";
		};
		A78D60422C86DA54009DC239 = {
			isa = PBXGroup;
			children = (
				A78D604D2C86DA54009DC239 /* WorkoutApp */,
				A78D604C2C86DA54009DC239 /* Products */,
			);
			sourceTree = "<group>";
		};
		A78D604C2C86DA54009DC239 /* Products */ = {
			isa = PBXGroup;
			children = (
				A78D604B2C86DA54009DC239 /* WorkoutApp.app */,
			);
			name = Products;
			sourceTree = "<group>";
		};
		A78D604D2C86DA54009DC239 /* WorkoutApp */ = {
			isa = PBXGroup;
			children = (
				A7488E3A2C939A2900FBE632 /* Sounds */,
				A770537F2C9239E000A3EA7F /* Model */,
				A78D605D2C86DA92009DC239 /* ViewModel */,
				A78D605C2C86DA8E009DC239 /* View */,
				A78D604E2C86DA54009DC239 /* WorkoutApp.swift */,
				A78D60502C86DA54009DC239 /* ContentView.swift */,
				A78D60522C86DA56009DC239 /* Assets.xcassets */,
				A78D60542C86DA56009DC239 /* Preview Content */,
			);
			path = WorkoutApp;
			sourceTree = "<group>";
		};
		A78D60542C86DA56009DC239 /* Preview Content */ = {
			isa = PBXGroup;
			children = (
				A78D60552C86DA56009DC239 /* Preview Assets.xcassets */,
			);
			path = "Preview Content";
			sourceTree = "<group>";
		};
		A78D605C2C86DA8E009DC239 /* View */ = {
			isa = PBXGroup;
			children = (
				A78D60602C86DBD4009DC239 /* TimerView.swift */,
				A7B13BAB2C87EC8600CF52A6 /* TimePickerView.swift */,
				A77053862C9287EC00A3EA7F /* TimerSetUpView.swift */,
				A79381162C9CB86D00B7541A /* ProgressBarView.swift */,
			);
			path = View;
			sourceTree = "<group>";
		};
		A78D605D2C86DA92009DC239 /* ViewModel */ = {
			isa = PBXGroup;
			children = (
				A78D605E2C86DABA009DC239 /* TimerModel.swift */,
			);
			path = ViewModel;
			sourceTree = "<group>";
		};
/* End PBXGroup section */

/* Begin PBXNativeTarget section */
		A78D604A2C86DA54009DC239 /* WorkoutApp */ = {
			isa = PBXNativeTarget;
			buildConfigurationList = A78D60592C86DA56009DC239 /* Build configuration list for PBXNativeTarget "WorkoutApp" */;
			buildPhases = (
				A78D60472C86DA54009DC239 /* Sources */,
				A78D60482C86DA54009DC239 /* Frameworks */,
				A78D60492C86DA54009DC239 /* Resources */,
			);
			buildRules = (
			);
			dependencies = (
			);
			name = WorkoutApp;
			productName = WorkoutApp;
			productReference = A78D604B2C86DA54009DC239 /* WorkoutApp.app */;
			productType = "com.apple.product-type.application";
		};
/* End PBXNativeTarget section */

/* Begin PBXProject section */
		A78D60432C86DA54009DC239 /* Project object */ = {
			isa = PBXProject;
			attributes = {
				BuildIndependentTargetsInParallel = 1;
				LastSwiftUpdateCheck = 1540;
				LastUpgradeCheck = 1540;
				TargetAttributes = {
					A78D604A2C86DA54009DC239 = {
						CreatedOnToolsVersion = 15.4;
					};
				};
			};
			buildConfigurationList = A78D60462C86DA54009DC239 /* Build configuration list for PBXProject "WorkoutApp" */;
			compatibilityVersion = "Xcode 14.0";
			developmentRegion = en;
			hasScannedForEncodings = 0;
			knownRegions = (
				en,
				Base,
			);
			mainGroup = A78D60422C86DA54009DC239;
			productRefGroup = A78D604C2C86DA54009DC239 /* Products */;
			projectDirPath = "";
			projectRoot = "";
			targets = (
				A78D604A2C86DA54009DC239 /* WorkoutApp */,
			);
		};
/* End PBXProject section */

/* Begin PBXResourcesBuildPhase section */
		A78D60492C86DA54009DC239 /* Resources */ = {
			isa = PBXResourcesBuildPhase;
			buildActionMask = 2147483647;
			files = (
				A7A76E3B2C9797A5007FC830 /* xylophone_normal.mp3 in Resources */,
				A79776A02C95699F009DB4FA /* archive_normal.mp3 in Resources */,
				A79776932C956076009DB4FA /* prepare_beeps_mono.mp3 in Resources */,
				A79776A32C9569C0009DB4FA /* blip_loud.mp3 in Resources */,
				A79776952C956139009DB4FA /* prepare_beeps_pan_trim.mp3 in Resources */,
				A797769C2C95698C009DB4FA /* round_incoming_normal.mp3 in Resources */,
				A79776912C956046009DB4FA /* prepare_beeps_pan.mp3 in Resources */,
				A797769D2C95698C009DB4FA /* round_incoming_loud.mp3 in Resources */,
				A7A76E3C2C9797A5007FC830 /* xylophone_loud.mp3 in Resources */,
				A78D60562C86DA56009DC239 /* Preview Assets.xcassets in Resources */,
				A78D60532C86DA56009DC239 /* Assets.xcassets in Resources */,
				A79776972C9564DD009DB4FA /* blip_normal.mp3 in Resources */,
				A79776A12C95699F009DB4FA /* archive_loud.mp3 in Resources */,
			);
			runOnlyForDeploymentPostprocessing = 0;
		};
/* End PBXResourcesBuildPhase section */

/* Begin PBXSourcesBuildPhase section */
		A78D60472C86DA54009DC239 /* Sources */ = {
			isa = PBXSourcesBuildPhase;
			buildActionMask = 2147483647;
			files = (
				A7B13BAC2C87EC8600CF52A6 /* TimePickerView.swift in Sources */,
				A78D605F2C86DABA009DC239 /* TimerModel.swift in Sources */,
				A77053892C9291B700A3EA7F /* NumbersOnlyViewModifier.swift in Sources */,
				A77053872C9287EC00A3EA7F /* TimerSetUpView.swift in Sources */,
				A78D60512C86DA54009DC239 /* ContentView.swift in Sources */,
				A78D60612C86DBD4009DC239 /* TimerView.swift in Sources */,
				A78D604F2C86DA54009DC239 /* WorkoutApp.swift in Sources */,
				A77053812C92443400A3EA7F /* SoundManager.swift in Sources */,
				A77053852C924E7900A3EA7F /* Stopwatch.swift in Sources */,
				A79381172C9CB86D00B7541A /* ProgressBarView.swift in Sources */,
			);
			runOnlyForDeploymentPostprocessing = 0;
		};
/* End PBXSourcesBuildPhase section */

/* Begin XCBuildConfiguration section */
		A78D60572C86DA56009DC239 /* Debug */ = {
			isa = XCBuildConfiguration;
			buildSettings = {
				ALWAYS_SEARCH_USER_PATHS = NO;
				ASSETCATALOG_COMPILER_GENERATE_SWIFT_ASSET_SYMBOL_EXTENSIONS = YES;
				CLANG_ANALYZER_NONNULL = YES;
				CLANG_ANALYZER_NUMBER_OBJECT_CONVERSION = YES_AGGRESSIVE;
				CLANG_CXX_LANGUAGE_STANDARD = "gnu++20";
				CLANG_ENABLE_MODULES = YES;
				CLANG_ENABLE_OBJC_ARC = YES;
				CLANG_ENABLE_OBJC_WEAK = YES;
				CLANG_WARN_BLOCK_CAPTURE_AUTORELEASING = YES;
				CLANG_WARN_BOOL_CONVERSION = YES;
				CLANG_WARN_COMMA = YES;
				CLANG_WARN_CONSTANT_CONVERSION = YES;
				CLANG_WARN_DEPRECATED_OBJC_IMPLEMENTATIONS = YES;
				CLANG_WARN_DIRECT_OBJC_ISA_USAGE = YES_ERROR;
				CLANG_WARN_DOCUMENTATION_COMMENTS = YES;
				CLANG_WARN_EMPTY_BODY = YES;
				CLANG_WARN_ENUM_CONVERSION = YES;
				CLANG_WARN_INFINITE_RECURSION = YES;
				CLANG_WARN_INT_CONVERSION = YES;
				CLANG_WARN_NON_LITERAL_NULL_CONVERSION = YES;
				CLANG_WARN_OBJC_IMPLICIT_RETAIN_SELF = YES;
				CLANG_WARN_OBJC_LITERAL_CONVERSION = YES;
				CLANG_WARN_OBJC_ROOT_CLASS = YES_ERROR;
				CLANG_WARN_QUOTED_INCLUDE_IN_FRAMEWORK_HEADER = YES;
				CLANG_WARN_RANGE_LOOP_ANALYSIS = YES;
				CLANG_WARN_STRICT_PROTOTYPES = YES;
				CLANG_WARN_SUSPICIOUS_MOVE = YES;
				CLANG_WARN_UNGUARDED_AVAILABILITY = YES_AGGRESSIVE;
				CLANG_WARN_UNREACHABLE_CODE = YES;
				CLANG_WARN__DUPLICATE_METHOD_MATCH = YES;
				COPY_PHASE_STRIP = NO;
				DEBUG_INFORMATION_FORMAT = dwarf;
				ENABLE_STRICT_OBJC_MSGSEND = YES;
				ENABLE_TESTABILITY = YES;
				ENABLE_USER_SCRIPT_SANDBOXING = YES;
				GCC_C_LANGUAGE_STANDARD = gnu17;
				GCC_DYNAMIC_NO_PIC = NO;
				GCC_NO_COMMON_BLOCKS = YES;
				GCC_OPTIMIZATION_LEVEL = 0;
				GCC_PREPROCESSOR_DEFINITIONS = (
					"DEBUG=1",
					"$(inherited)",
				);
				GCC_WARN_64_TO_32_BIT_CONVERSION = YES;
				GCC_WARN_ABOUT_RETURN_TYPE = YES_ERROR;
				GCC_WARN_UNDECLARED_SELECTOR = YES;
				GCC_WARN_UNINITIALIZED_AUTOS = YES_AGGRESSIVE;
				GCC_WARN_UNUSED_FUNCTION = YES;
				GCC_WARN_UNUSED_VARIABLE = YES;
				IPHONEOS_DEPLOYMENT_TARGET = 17.5;
				LOCALIZATION_PREFERS_STRING_CATALOGS = YES;
				MTL_ENABLE_DEBUG_INFO = INCLUDE_SOURCE;
				MTL_FAST_MATH = YES;
				ONLY_ACTIVE_ARCH = YES;
				SDKROOT = iphoneos;
				SWIFT_ACTIVE_COMPILATION_CONDITIONS = "DEBUG $(inherited)";
				SWIFT_OPTIMIZATION_LEVEL = "-Onone";
			};
			name = Debug;
		};
		A78D60582C86DA56009DC239 /* Release */ = {
			isa = XCBuildConfiguration;
			buildSettings = {
				ALWAYS_SEARCH_USER_PATHS = NO;
				ASSETCATALOG_COMPILER_GENERATE_SWIFT_ASSET_SYMBOL_EXTENSIONS = YES;
				CLANG_ANALYZER_NONNULL = YES;
				CLANG_ANALYZER_NUMBER_OBJECT_CONVERSION = YES_AGGRESSIVE;
				CLANG_CXX_LANGUAGE_STANDARD = "gnu++20";
				CLANG_ENABLE_MODULES = YES;
				CLANG_ENABLE_OBJC_ARC = YES;
				CLANG_ENABLE_OBJC_WEAK = YES;
				CLANG_WARN_BLOCK_CAPTURE_AUTORELEASING = YES;
				CLANG_WARN_BOOL_CONVERSION = YES;
				CLANG_WARN_COMMA = YES;
				CLANG_WARN_CONSTANT_CONVERSION = YES;
				CLANG_WARN_DEPRECATED_OBJC_IMPLEMENTATIONS = YES;
				CLANG_WARN_DIRECT_OBJC_ISA_USAGE = YES_ERROR;
				CLANG_WARN_DOCUMENTATION_COMMENTS = YES;
				CLANG_WARN_EMPTY_BODY = YES;
				CLANG_WARN_ENUM_CONVERSION = YES;
				CLANG_WARN_INFINITE_RECURSION = YES;
				CLANG_WARN_INT_CONVERSION = YES;
				CLANG_WARN_NON_LITERAL_NULL_CONVERSION = YES;
				CLANG_WARN_OBJC_IMPLICIT_RETAIN_SELF = YES;
				CLANG_WARN_OBJC_LITERAL_CONVERSION = YES;
				CLANG_WARN_OBJC_ROOT_CLASS = YES_ERROR;
				CLANG_WARN_QUOTED_INCLUDE_IN_FRAMEWORK_HEADER = YES;
				CLANG_WARN_RANGE_LOOP_ANALYSIS = YES;
				CLANG_WARN_STRICT_PROTOTYPES = YES;
				CLANG_WARN_SUSPICIOUS_MOVE = YES;
				CLANG_WARN_UNGUARDED_AVAILABILITY = YES_AGGRESSIVE;
				CLANG_WARN_UNREACHABLE_CODE = YES;
				CLANG_WARN__DUPLICATE_METHOD_MATCH = YES;
				COPY_PHASE_STRIP = NO;
				DEBUG_INFORMATION_FORMAT = "dwarf-with-dsym";
				ENABLE_NS_ASSERTIONS = NO;
				ENABLE_STRICT_OBJC_MSGSEND = YES;
				ENABLE_USER_SCRIPT_SANDBOXING = YES;
				GCC_C_LANGUAGE_STANDARD = gnu17;
				GCC_NO_COMMON_BLOCKS = YES;
				GCC_WARN_64_TO_32_BIT_CONVERSION = YES;
				GCC_WARN_ABOUT_RETURN_TYPE = YES_ERROR;
				GCC_WARN_UNDECLARED_SELECTOR = YES;
				GCC_WARN_UNINITIALIZED_AUTOS = YES_AGGRESSIVE;
				GCC_WARN_UNUSED_FUNCTION = YES;
				GCC_WARN_UNUSED_VARIABLE = YES;
				IPHONEOS_DEPLOYMENT_TARGET = 17.5;
				LOCALIZATION_PREFERS_STRING_CATALOGS = YES;
				MTL_ENABLE_DEBUG_INFO = NO;
				MTL_FAST_MATH = YES;
				SDKROOT = iphoneos;
				SWIFT_COMPILATION_MODE = wholemodule;
				VALIDATE_PRODUCT = YES;
			};
			name = Release;
		};
		A78D605A2C86DA56009DC239 /* Debug */ = {
			isa = XCBuildConfiguration;
			buildSettings = {
				ASSETCATALOG_COMPILER_APPICON_NAME = AppIcon;
				ASSETCATALOG_COMPILER_GLOBAL_ACCENT_COLOR_NAME = AccentColor;
				CODE_SIGN_STYLE = Automatic;
				CURRENT_PROJECT_VERSION = 1;
				DEVELOPMENT_ASSET_PATHS = "\"WorkoutApp/Preview Content\"";
				DEVELOPMENT_TEAM = FVP9B5W8SZ;
				ENABLE_PREVIEWS = YES;
				GENERATE_INFOPLIST_FILE = YES;
				INFOPLIST_KEY_UIApplicationSceneManifest_Generation = YES;
				INFOPLIST_KEY_UIApplicationSupportsIndirectInputEvents = YES;
				INFOPLIST_KEY_UILaunchScreen_Generation = YES;
				INFOPLIST_KEY_UIStatusBarStyle = "";
				INFOPLIST_KEY_UISupportedInterfaceOrientations = UIInterfaceOrientationPortrait;
				LD_RUNPATH_SEARCH_PATHS = (
					"$(inherited)",
					"@executable_path/Frameworks",
				);
				MARKETING_VERSION = 1.0;
				PRODUCT_BUNDLE_IDENTIFIER = com.yegor.WorkoutAppUnique19240;
				PRODUCT_NAME = "$(TARGET_NAME)";
				SWIFT_EMIT_LOC_STRINGS = YES;
				SWIFT_VERSION = 5.0;
				TARGETED_DEVICE_FAMILY = "1,2";
			};
			name = Debug;
		};
		A78D605B2C86DA56009DC239 /* Release */ = {
			isa = XCBuildConfiguration;
			buildSettings = {
				ASSETCATALOG_COMPILER_APPICON_NAME = AppIcon;
				ASSETCATALOG_COMPILER_GLOBAL_ACCENT_COLOR_NAME = AccentColor;
				CODE_SIGN_STYLE = Automatic;
				CURRENT_PROJECT_VERSION = 1;
				DEVELOPMENT_ASSET_PATHS = "\"WorkoutApp/Preview Content\"";
				DEVELOPMENT_TEAM = FVP9B5W8SZ;
				ENABLE_PREVIEWS = YES;
				GENERATE_INFOPLIST_FILE = YES;
				INFOPLIST_KEY_UIApplicationSceneManifest_Generation = YES;
				INFOPLIST_KEY_UIApplicationSupportsIndirectInputEvents = YES;
				INFOPLIST_KEY_UILaunchScreen_Generation = YES;
				INFOPLIST_KEY_UIStatusBarStyle = "";
				INFOPLIST_KEY_UISupportedInterfaceOrientations = UIInterfaceOrientationPortrait;
				LD_RUNPATH_SEARCH_PATHS = (
					"$(inherited)",
					"@executable_path/Frameworks",
				);
				MARKETING_VERSION = 1.0;
				PRODUCT_BUNDLE_IDENTIFIER = com.yegor.WorkoutAppUnique19240;
				PRODUCT_NAME = "$(TARGET_NAME)";
				SWIFT_EMIT_LOC_STRINGS = YES;
				SWIFT_VERSION = 5.0;
				TARGETED_DEVICE_FAMILY = "1,2";
			};
			name = Release;
		};
/* End XCBuildConfiguration section */

/* Begin XCConfigurationList section */
		A78D60462C86DA54009DC239 /* Build configuration list for PBXProject "WorkoutApp" */ = {
			isa = XCConfigurationList;
			buildConfigurations = (
				A78D60572C86DA56009DC239 /* Debug */,
				A78D60582C86DA56009DC239 /* Release */,
			);
			defaultConfigurationIsVisible = 0;
			defaultConfigurationName = Release;
		};
		A78D60592C86DA56009DC239 /* Build configuration list for PBXNativeTarget "WorkoutApp" */ = {
			isa = XCConfigurationList;
			buildConfigurations = (
				A78D605A2C86DA56009DC239 /* Debug */,
				A78D605B2C86DA56009DC239 /* Release */,
			);
			defaultConfigurationIsVisible = 0;
			defaultConfigurationName = Release;
		};
/* End XCConfigurationList section */
	};
	rootObject = A78D60432C86DA54009DC239 /* Project object */;
}
